// !$*UTF8*$!
{
	archiveVersion = 1;
	classes = {
	};
	objectVersion = 46;
	objects = {

/* Begin PBXBuildFile section */
		811B85D01908A1D0005FE8EB /* Foundation.framework in Frameworks */ = {isa = PBXBuildFile; fileRef = 811B85CF1908A1D0005FE8EB /* Foundation.framework */; };
		811B85D21908A1D0005FE8EB /* CoreGraphics.framework in Frameworks */ = {isa = PBXBuildFile; fileRef = 811B85D11908A1D0005FE8EB /* CoreGraphics.framework */; };
		811B85D41908A1D0005FE8EB /* UIKit.framework in Frameworks */ = {isa = PBXBuildFile; fileRef = 811B85D31908A1D0005FE8EB /* UIKit.framework */; };
		811B85D61908A1D0005FE8EB /* CoreData.framework in Frameworks */ = {isa = PBXBuildFile; fileRef = 811B85D51908A1D0005FE8EB /* CoreData.framework */; };
		811B85DC1908A1D0005FE8EB /* InfoPlist.strings in Resources */ = {isa = PBXBuildFile; fileRef = 811B85DA1908A1D0005FE8EB /* InfoPlist.strings */; };
		811B85DE1908A1D0005FE8EB /* main.m in Sources */ = {isa = PBXBuildFile; fileRef = 811B85DD1908A1D0005FE8EB /* main.m */; };
		811B85E21908A1D0005FE8EB /* AppDelegate.m in Sources */ = {isa = PBXBuildFile; fileRef = 811B85E11908A1D0005FE8EB /* AppDelegate.m */; };
		811B85E51908A1D0005FE8EB /* TaxiLegal.xcdatamodeld in Sources */ = {isa = PBXBuildFile; fileRef = 811B85E31908A1D0005FE8EB /* TaxiLegal.xcdatamodeld */; };
		811B85E71908A1D0005FE8EB /* Images.xcassets in Resources */ = {isa = PBXBuildFile; fileRef = 811B85E61908A1D0005FE8EB /* Images.xcassets */; };
		811B85EE1908A1D0005FE8EB /* XCTest.framework in Frameworks */ = {isa = PBXBuildFile; fileRef = 811B85ED1908A1D0005FE8EB /* XCTest.framework */; };
		811B85EF1908A1D0005FE8EB /* Foundation.framework in Frameworks */ = {isa = PBXBuildFile; fileRef = 811B85CF1908A1D0005FE8EB /* Foundation.framework */; };
		811B85F01908A1D0005FE8EB /* UIKit.framework in Frameworks */ = {isa = PBXBuildFile; fileRef = 811B85D31908A1D0005FE8EB /* UIKit.framework */; };
		811B85F11908A1D0005FE8EB /* CoreData.framework in Frameworks */ = {isa = PBXBuildFile; fileRef = 811B85D51908A1D0005FE8EB /* CoreData.framework */; };
		811B85F91908A1D0005FE8EB /* InfoPlist.strings in Resources */ = {isa = PBXBuildFile; fileRef = 811B85F71908A1D0005FE8EB /* InfoPlist.strings */; };
		811B85FB1908A1D0005FE8EB /* TaxiLegalTests.m in Sources */ = {isa = PBXBuildFile; fileRef = 811B85FA1908A1D0005FE8EB /* TaxiLegalTests.m */; };
		811B86081908AEC9005FE8EB /* Main_iPhone5.storyboard in Resources */ = {isa = PBXBuildFile; fileRef = 811B86071908AEC9005FE8EB /* Main_iPhone5.storyboard */; };
		811B860E1908B256005FE8EB /* PlacaViewController.m in Sources */ = {isa = PBXBuildFile; fileRef = 811B860D1908B256005FE8EB /* PlacaViewController.m */; };
		811B87661908CF23005FE8EB /* TesseractOCR.framework in Frameworks */ = {isa = PBXBuildFile; fileRef = 811B87651908CF23005FE8EB /* TesseractOCR.framework */; };
		811B87681908D032005FE8EB /* libstdc++.6.0.9.dylib in Frameworks */ = {isa = PBXBuildFile; fileRef = 811B87671908D032005FE8EB /* libstdc++.6.0.9.dylib */; };
		811B878C1908FA49005FE8EB /* tessdata in Resources */ = {isa = PBXBuildFile; fileRef = 811B878B1908FA49005FE8EB /* tessdata */; };
		81633B2019099BD3000C0C53 /* ImageCropView.m in Sources */ = {isa = PBXBuildFile; fileRef = 81633B1F19099BD3000C0C53 /* ImageCropView.m */; };
/* End PBXBuildFile section */

/* Begin PBXContainerItemProxy section */
		811B85F21908A1D0005FE8EB /* PBXContainerItemProxy */ = {
			isa = PBXContainerItemProxy;
			containerPortal = 811B85C41908A1D0005FE8EB /* Project object */;
			proxyType = 1;
			remoteGlobalIDString = 811B85CB1908A1D0005FE8EB;
			remoteInfo = TaxiLegal;
		};
/* End PBXContainerItemProxy section */

/* Begin PBXFileReference section */
		811B85CC1908A1D0005FE8EB /* TaxiLegal.app */ = {isa = PBXFileReference; explicitFileType = wrapper.application; includeInIndex = 0; path = TaxiLegal.app; sourceTree = BUILT_PRODUCTS_DIR; };
		811B85CF1908A1D0005FE8EB /* Foundation.framework */ = {isa = PBXFileReference; lastKnownFileType = wrapper.framework; name = Foundation.framework; path = System/Library/Frameworks/Foundation.framework; sourceTree = SDKROOT; };
		811B85D11908A1D0005FE8EB /* CoreGraphics.framework */ = {isa = PBXFileReference; lastKnownFileType = wrapper.framework; name = CoreGraphics.framework; path = System/Library/Frameworks/CoreGraphics.framework; sourceTree = SDKROOT; };
		811B85D31908A1D0005FE8EB /* UIKit.framework */ = {isa = PBXFileReference; lastKnownFileType = wrapper.framework; name = UIKit.framework; path = System/Library/Frameworks/UIKit.framework; sourceTree = SDKROOT; };
		811B85D51908A1D0005FE8EB /* CoreData.framework */ = {isa = PBXFileReference; lastKnownFileType = wrapper.framework; name = CoreData.framework; path = System/Library/Frameworks/CoreData.framework; sourceTree = SDKROOT; };
		811B85D91908A1D0005FE8EB /* TaxiLegal-Info.plist */ = {isa = PBXFileReference; lastKnownFileType = text.plist.xml; path = "TaxiLegal-Info.plist"; sourceTree = "<group>"; };
		811B85DB1908A1D0005FE8EB /* en */ = {isa = PBXFileReference; lastKnownFileType = text.plist.strings; name = en; path = en.lproj/InfoPlist.strings; sourceTree = "<group>"; };
		811B85DD1908A1D0005FE8EB /* main.m */ = {isa = PBXFileReference; lastKnownFileType = sourcecode.c.objc; path = main.m; sourceTree = "<group>"; };
		811B85DF1908A1D0005FE8EB /* TaxiLegal-Prefix.pch */ = {isa = PBXFileReference; lastKnownFileType = sourcecode.c.h; path = "TaxiLegal-Prefix.pch"; sourceTree = "<group>"; };
		811B85E01908A1D0005FE8EB /* AppDelegate.h */ = {isa = PBXFileReference; lastKnownFileType = sourcecode.c.h; path = AppDelegate.h; sourceTree = "<group>"; };
		811B85E11908A1D0005FE8EB /* AppDelegate.m */ = {isa = PBXFileReference; lastKnownFileType = sourcecode.c.objc; path = AppDelegate.m; sourceTree = "<group>"; };
		811B85E41908A1D0005FE8EB /* TaxiLegal.xcdatamodel */ = {isa = PBXFileReference; lastKnownFileType = wrapper.xcdatamodel; path = TaxiLegal.xcdatamodel; sourceTree = "<group>"; };
		811B85E61908A1D0005FE8EB /* Images.xcassets */ = {isa = PBXFileReference; lastKnownFileType = folder.assetcatalog; path = Images.xcassets; sourceTree = "<group>"; };
		811B85EC1908A1D0005FE8EB /* TaxiLegalTests.xctest */ = {isa = PBXFileReference; explicitFileType = wrapper.cfbundle; includeInIndex = 0; path = TaxiLegalTests.xctest; sourceTree = BUILT_PRODUCTS_DIR; };
		811B85ED1908A1D0005FE8EB /* XCTest.framework */ = {isa = PBXFileReference; lastKnownFileType = wrapper.framework; name = XCTest.framework; path = Library/Frameworks/XCTest.framework; sourceTree = DEVELOPER_DIR; };
		811B85F61908A1D0005FE8EB /* TaxiLegalTests-Info.plist */ = {isa = PBXFileReference; lastKnownFileType = text.plist.xml; path = "TaxiLegalTests-Info.plist"; sourceTree = "<group>"; };
		811B85F81908A1D0005FE8EB /* en */ = {isa = PBXFileReference; lastKnownFileType = text.plist.strings; name = en; path = en.lproj/InfoPlist.strings; sourceTree = "<group>"; };
		811B85FA1908A1D0005FE8EB /* TaxiLegalTests.m */ = {isa = PBXFileReference; lastKnownFileType = sourcecode.c.objc; path = TaxiLegalTests.m; sourceTree = "<group>"; };
		811B86071908AEC9005FE8EB /* Main_iPhone5.storyboard */ = {isa = PBXFileReference; fileEncoding = 4; lastKnownFileType = file.storyboard; path = Main_iPhone5.storyboard; sourceTree = "<group>"; };
		811B860C1908B256005FE8EB /* PlacaViewController.h */ = {isa = PBXFileReference; fileEncoding = 4; lastKnownFileType = sourcecode.c.h; path = PlacaViewController.h; sourceTree = "<group>"; };
		811B860D1908B256005FE8EB /* PlacaViewController.m */ = {isa = PBXFileReference; fileEncoding = 4; lastKnownFileType = sourcecode.c.objc; path = PlacaViewController.m; sourceTree = "<group>"; };
		811B87651908CF23005FE8EB /* TesseractOCR.framework */ = {isa = PBXFileReference; lastKnownFileType = wrapper.framework; path = TesseractOCR.framework; sourceTree = "<group>"; };
		811B87671908D032005FE8EB /* libstdc++.6.0.9.dylib */ = {isa = PBXFileReference; lastKnownFileType = "compiled.mach-o.dylib"; name = "libstdc++.6.0.9.dylib"; path = "usr/lib/libstdc++.6.0.9.dylib"; sourceTree = SDKROOT; };
		811B878B1908FA49005FE8EB /* tessdata */ = {isa = PBXFileReference; lastKnownFileType = folder; path = tessdata; sourceTree = "<group>"; };
		81633B1E19099BD3000C0C53 /* ImageCropView.h */ = {isa = PBXFileReference; fileEncoding = 4; lastKnownFileType = sourcecode.c.h; path = ImageCropView.h; sourceTree = "<group>"; };
		81633B1F19099BD3000C0C53 /* ImageCropView.m */ = {isa = PBXFileReference; fileEncoding = 4; lastKnownFileType = sourcecode.c.objc; path = ImageCropView.m; sourceTree = "<group>"; };
/* End PBXFileReference section */

/* Begin PBXFrameworksBuildPhase section */
		811B85C91908A1D0005FE8EB /* Frameworks */ = {
			isa = PBXFrameworksBuildPhase;
			buildActionMask = 2147483647;
			files = (
				811B87681908D032005FE8EB /* libstdc++.6.0.9.dylib in Frameworks */,
				811B85D21908A1D0005FE8EB /* CoreGraphics.framework in Frameworks */,
				811B87661908CF23005FE8EB /* TesseractOCR.framework in Frameworks */,
				811B85D61908A1D0005FE8EB /* CoreData.framework in Frameworks */,
				811B85D41908A1D0005FE8EB /* UIKit.framework in Frameworks */,
				811B85D01908A1D0005FE8EB /* Foundation.framework in Frameworks */,
			);
			runOnlyForDeploymentPostprocessing = 0;
		};
		811B85E91908A1D0005FE8EB /* Frameworks */ = {
			isa = PBXFrameworksBuildPhase;
			buildActionMask = 2147483647;
			files = (
				811B85EE1908A1D0005FE8EB /* XCTest.framework in Frameworks */,
				811B85F11908A1D0005FE8EB /* CoreData.framework in Frameworks */,
				811B85F01908A1D0005FE8EB /* UIKit.framework in Frameworks */,
				811B85EF1908A1D0005FE8EB /* Foundation.framework in Frameworks */,
			);
			runOnlyForDeploymentPostprocessing = 0;
		};
/* End PBXFrameworksBuildPhase section */

/* Begin PBXGroup section */
		811B85C31908A1D0005FE8EB = {
			isa = PBXGroup;
			children = (
				811B85D71908A1D0005FE8EB /* TaxiLegal */,
				811B85F41908A1D0005FE8EB /* TaxiLegalTests */,
				811B85CE1908A1D0005FE8EB /* Frameworks */,
				811B85CD1908A1D0005FE8EB /* Products */,
			);
			sourceTree = "<group>";
		};
		811B85CD1908A1D0005FE8EB /* Products */ = {
			isa = PBXGroup;
			children = (
				811B85CC1908A1D0005FE8EB /* TaxiLegal.app */,
				811B85EC1908A1D0005FE8EB /* TaxiLegalTests.xctest */,
			);
			name = Products;
			sourceTree = "<group>";
		};
		811B85CE1908A1D0005FE8EB /* Frameworks */ = {
			isa = PBXGroup;
			children = (
				811B87671908D032005FE8EB /* libstdc++.6.0.9.dylib */,
				811B87651908CF23005FE8EB /* TesseractOCR.framework */,
				811B85CF1908A1D0005FE8EB /* Foundation.framework */,
				811B85D11908A1D0005FE8EB /* CoreGraphics.framework */,
				811B85D31908A1D0005FE8EB /* UIKit.framework */,
				811B85D51908A1D0005FE8EB /* CoreData.framework */,
				811B85ED1908A1D0005FE8EB /* XCTest.framework */,
			);
			name = Frameworks;
			sourceTree = "<group>";
		};
		811B85D71908A1D0005FE8EB /* TaxiLegal */ = {
			isa = PBXGroup;
			children = (
				81633B1E19099BD3000C0C53 /* ImageCropView.h */,
				81633B1F19099BD3000C0C53 /* ImageCropView.m */,
				811B878B1908FA49005FE8EB /* tessdata */,
				811B860F1908B468005FE8EB /* delegate */,
				811B86041908AE05005FE8EB /* model */,
				811B86061908AE15005FE8EB /* controller */,
				811B86051908AE0F005FE8EB /* view */,
				811B85D81908A1D0005FE8EB /* Supporting Files */,
			);
			path = TaxiLegal;
			sourceTree = "<group>";
		};
		811B85D81908A1D0005FE8EB /* Supporting Files */ = {
			isa = PBXGroup;
			children = (
				811B85E61908A1D0005FE8EB /* Images.xcassets */,
				811B85D91908A1D0005FE8EB /* TaxiLegal-Info.plist */,
				811B85DA1908A1D0005FE8EB /* InfoPlist.strings */,
				811B85DD1908A1D0005FE8EB /* main.m */,
				811B85DF1908A1D0005FE8EB /* TaxiLegal-Prefix.pch */,
			);
			name = "Supporting Files";
			sourceTree = "<group>";
		};
		811B85F41908A1D0005FE8EB /* TaxiLegalTests */ = {
			isa = PBXGroup;
			children = (
				811B85FA1908A1D0005FE8EB /* TaxiLegalTests.m */,
				811B85F51908A1D0005FE8EB /* Supporting Files */,
			);
			path = TaxiLegalTests;
			sourceTree = "<group>";
		};
		811B85F51908A1D0005FE8EB /* Supporting Files */ = {
			isa = PBXGroup;
			children = (
				811B85F61908A1D0005FE8EB /* TaxiLegalTests-Info.plist */,
				811B85F71908A1D0005FE8EB /* InfoPlist.strings */,
			);
			name = "Supporting Files";
			sourceTree = "<group>";
		};
		811B86041908AE05005FE8EB /* model */ = {
			isa = PBXGroup;
			children = (
				811B85E31908A1D0005FE8EB /* TaxiLegal.xcdatamodeld */,
			);
			name = model;
			sourceTree = "<group>";
		};
		811B86051908AE0F005FE8EB /* view */ = {
			isa = PBXGroup;
			children = (
				811B86071908AEC9005FE8EB /* Main_iPhone5.storyboard */,
			);
			name = view;
			sourceTree = "<group>";
		};
		811B86061908AE15005FE8EB /* controller */ = {
			isa = PBXGroup;
			children = (
				811B860C1908B256005FE8EB /* PlacaViewController.h */,
				811B860D1908B256005FE8EB /* PlacaViewController.m */,
			);
			name = controller;
			sourceTree = "<group>";
		};
		811B860F1908B468005FE8EB /* delegate */ = {
			isa = PBXGroup;
			children = (
				811B85E01908A1D0005FE8EB /* AppDelegate.h */,
				811B85E11908A1D0005FE8EB /* AppDelegate.m */,
			);
			name = delegate;
			sourceTree = "<group>";
		};
/* End PBXGroup section */

/* Begin PBXNativeTarget section */
		811B85CB1908A1D0005FE8EB /* TaxiLegal */ = {
			isa = PBXNativeTarget;
			buildConfigurationList = 811B85FE1908A1D0005FE8EB /* Build configuration list for PBXNativeTarget "TaxiLegal" */;
			buildPhases = (
				811B85C81908A1D0005FE8EB /* Sources */,
				811B85C91908A1D0005FE8EB /* Frameworks */,
				811B85CA1908A1D0005FE8EB /* Resources */,
			);
			buildRules = (
			);
			dependencies = (
			);
			name = TaxiLegal;
			productName = TaxiLegal;
			productReference = 811B85CC1908A1D0005FE8EB /* TaxiLegal.app */;
			productType = "com.apple.product-type.application";
		};
		811B85EB1908A1D0005FE8EB /* TaxiLegalTests */ = {
			isa = PBXNativeTarget;
			buildConfigurationList = 811B86011908A1D0005FE8EB /* Build configuration list for PBXNativeTarget "TaxiLegalTests" */;
			buildPhases = (
				811B85E81908A1D0005FE8EB /* Sources */,
				811B85E91908A1D0005FE8EB /* Frameworks */,
				811B85EA1908A1D0005FE8EB /* Resources */,
			);
			buildRules = (
			);
			dependencies = (
				811B85F31908A1D0005FE8EB /* PBXTargetDependency */,
			);
			name = TaxiLegalTests;
			productName = TaxiLegalTests;
			productReference = 811B85EC1908A1D0005FE8EB /* TaxiLegalTests.xctest */;
			productType = "com.apple.product-type.bundle.unit-test";
		};
/* End PBXNativeTarget section */

/* Begin PBXProject section */
		811B85C41908A1D0005FE8EB /* Project object */ = {
			isa = PBXProject;
			attributes = {
				LastUpgradeCheck = 0510;
				ORGANIZATIONNAME = "Vinicius Mello Lima";
				TargetAttributes = {
					811B85CB1908A1D0005FE8EB = {
						DevelopmentTeam = 2RE2A67N75;
					};
					811B85EB1908A1D0005FE8EB = {
						TestTargetID = 811B85CB1908A1D0005FE8EB;
					};
				};
			};
			buildConfigurationList = 811B85C71908A1D0005FE8EB /* Build configuration list for PBXProject "TaxiLegal" */;
			compatibilityVersion = "Xcode 3.2";
			developmentRegion = English;
			hasScannedForEncodings = 0;
			knownRegions = (
				en,
			);
			mainGroup = 811B85C31908A1D0005FE8EB;
			productRefGroup = 811B85CD1908A1D0005FE8EB /* Products */;
			projectDirPath = "";
			projectRoot = "";
			targets = (
				811B85CB1908A1D0005FE8EB /* TaxiLegal */,
				811B85EB1908A1D0005FE8EB /* TaxiLegalTests */,
			);
		};
/* End PBXProject section */

/* Begin PBXResourcesBuildPhase section */
		811B85CA1908A1D0005FE8EB /* Resources */ = {
			isa = PBXResourcesBuildPhase;
			buildActionMask = 2147483647;
			files = (
				811B85DC1908A1D0005FE8EB /* InfoPlist.strings in Resources */,
				811B878C1908FA49005FE8EB /* tessdata in Resources */,
				811B85E71908A1D0005FE8EB /* Images.xcassets in Resources */,
				811B86081908AEC9005FE8EB /* Main_iPhone5.storyboard in Resources */,
			);
			runOnlyForDeploymentPostprocessing = 0;
		};
		811B85EA1908A1D0005FE8EB /* Resources */ = {
			isa = PBXResourcesBuildPhase;
			buildActionMask = 2147483647;
			files = (
				811B85F91908A1D0005FE8EB /* InfoPlist.strings in Resources */,
			);
			runOnlyForDeploymentPostprocessing = 0;
		};
/* End PBXResourcesBuildPhase section */

/* Begin PBXSourcesBuildPhase section */
		811B85C81908A1D0005FE8EB /* Sources */ = {
			isa = PBXSourcesBuildPhase;
			buildActionMask = 2147483647;
			files = (
				811B860E1908B256005FE8EB /* PlacaViewController.m in Sources */,
				81633B2019099BD3000C0C53 /* ImageCropView.m in Sources */,
				811B85E21908A1D0005FE8EB /* AppDelegate.m in Sources */,
				811B85E51908A1D0005FE8EB /* TaxiLegal.xcdatamodeld in Sources */,
				811B85DE1908A1D0005FE8EB /* main.m in Sources */,
			);
			runOnlyForDeploymentPostprocessing = 0;
		};
		811B85E81908A1D0005FE8EB /* Sources */ = {
			isa = PBXSourcesBuildPhase;
			buildActionMask = 2147483647;
			files = (
				811B85FB1908A1D0005FE8EB /* TaxiLegalTests.m in Sources */,
			);
			runOnlyForDeploymentPostprocessing = 0;
		};
/* End PBXSourcesBuildPhase section */

/* Begin PBXTargetDependency section */
		811B85F31908A1D0005FE8EB /* PBXTargetDependency */ = {
			isa = PBXTargetDependency;
			target = 811B85CB1908A1D0005FE8EB /* TaxiLegal */;
			targetProxy = 811B85F21908A1D0005FE8EB /* PBXContainerItemProxy */;
		};
/* End PBXTargetDependency section */

/* Begin PBXVariantGroup section */
		811B85DA1908A1D0005FE8EB /* InfoPlist.strings */ = {
			isa = PBXVariantGroup;
			children = (
				811B85DB1908A1D0005FE8EB /* en */,
			);
			name = InfoPlist.strings;
			sourceTree = "<group>";
		};
		811B85F71908A1D0005FE8EB /* InfoPlist.strings */ = {
			isa = PBXVariantGroup;
			children = (
				811B85F81908A1D0005FE8EB /* en */,
			);
			name = InfoPlist.strings;
			sourceTree = "<group>";
		};
/* End PBXVariantGroup section */

/* Begin XCBuildConfiguration section */
		811B85FC1908A1D0005FE8EB /* Debug */ = {
			isa = XCBuildConfiguration;
			buildSettings = {
				ALWAYS_SEARCH_USER_PATHS = NO;
				CLANG_CXX_LANGUAGE_STANDARD = "gnu++0x";
				CLANG_CXX_LIBRARY = "libc++";
				CLANG_ENABLE_MODULES = YES;
				CLANG_ENABLE_OBJC_ARC = YES;
				CLANG_WARN_BOOL_CONVERSION = YES;
				CLANG_WARN_CONSTANT_CONVERSION = YES;
				CLANG_WARN_DIRECT_OBJC_ISA_USAGE = YES_ERROR;
				CLANG_WARN_EMPTY_BODY = YES;
				CLANG_WARN_ENUM_CONVERSION = YES;
				CLANG_WARN_INT_CONVERSION = YES;
				CLANG_WARN_OBJC_ROOT_CLASS = YES_ERROR;
				CLANG_WARN__DUPLICATE_METHOD_MATCH = YES;
				"CODE_SIGN_IDENTITY[sdk=iphoneos*]" = "iPhone Developer";
				COPY_PHASE_STRIP = NO;
				GCC_C_LANGUAGE_STANDARD = gnu99;
				GCC_DYNAMIC_NO_PIC = NO;
				GCC_OPTIMIZATION_LEVEL = 0;
				GCC_PREPROCESSOR_DEFINITIONS = (
					"DEBUG=1",
					"$(inherited)",
				);
				GCC_SYMBOLS_PRIVATE_EXTERN = NO;
				GCC_WARN_64_TO_32_BIT_CONVERSION = YES;
				GCC_WARN_ABOUT_RETURN_TYPE = YES_ERROR;
				GCC_WARN_UNDECLARED_SELECTOR = YES;
				GCC_WARN_UNINITIALIZED_AUTOS = YES_AGGRESSIVE;
				GCC_WARN_UNUSED_FUNCTION = YES;
				GCC_WARN_UNUSED_VARIABLE = YES;
				IPHONEOS_DEPLOYMENT_TARGET = 7.1;
				ONLY_ACTIVE_ARCH = YES;
				SDKROOT = iphoneos;
			};
			name = Debug;
		};
		811B85FD1908A1D0005FE8EB /* Release */ = {
			isa = XCBuildConfiguration;
			buildSettings = {
				ALWAYS_SEARCH_USER_PATHS = NO;
				CLANG_CXX_LANGUAGE_STANDARD = "gnu++0x";
				CLANG_CXX_LIBRARY = "libc++";
				CLANG_ENABLE_MODULES = YES;
				CLANG_ENABLE_OBJC_ARC = YES;
				CLANG_WARN_BOOL_CONVERSION = YES;
				CLANG_WARN_CONSTANT_CONVERSION = YES;
				CLANG_WARN_DIRECT_OBJC_ISA_USAGE = YES_ERROR;
				CLANG_WARN_EMPTY_BODY = YES;
				CLANG_WARN_ENUM_CONVERSION = YES;
				CLANG_WARN_INT_CONVERSION = YES;
				CLANG_WARN_OBJC_ROOT_CLASS = YES_ERROR;
				CLANG_WARN__DUPLICATE_METHOD_MATCH = YES;
				"CODE_SIGN_IDENTITY[sdk=iphoneos*]" = "iPhone Developer";
				COPY_PHASE_STRIP = YES;
				ENABLE_NS_ASSERTIONS = NO;
				GCC_C_LANGUAGE_STANDARD = gnu99;
				GCC_WARN_64_TO_32_BIT_CONVERSION = YES;
				GCC_WARN_ABOUT_RETURN_TYPE = YES_ERROR;
				GCC_WARN_UNDECLARED_SELECTOR = YES;
				GCC_WARN_UNINITIALIZED_AUTOS = YES_AGGRESSIVE;
				GCC_WARN_UNUSED_FUNCTION = YES;
				GCC_WARN_UNUSED_VARIABLE = YES;
				IPHONEOS_DEPLOYMENT_TARGET = 7.1;
				SDKROOT = iphoneos;
				VALIDATE_PRODUCT = YES;
			};
			name = Release;
		};
		811B85FF1908A1D0005FE8EB /* Debug */ = {
			isa = XCBuildConfiguration;
			buildSettings = {
				ASSETCATALOG_COMPILER_APPICON_NAME = AppIcon;
				ASSETCATALOG_COMPILER_LAUNCHIMAGE_NAME = LaunchImage;
				CLANG_CXX_LIBRARY = "libc++";
				CODE_SIGN_IDENTITY = "iPhone Developer";
				FRAMEWORK_SEARCH_PATHS = (
					"$(inherited)",
					"$(PROJECT_DIR)",
				);
				GCC_PRECOMPILE_PREFIX_HEADER = YES;
				GCC_PREFIX_HEADER = "TaxiLegal/TaxiLegal-Prefix.pch";
				INFOPLIST_FILE = "TaxiLegal/TaxiLegal-Info.plist";
				LIBRARY_SEARCH_PATHS = "$(inherited)";
				PRODUCT_NAME = "$(TARGET_NAME)";
				WRAPPER_EXTENSION = app;
			};
			name = Debug;
		};
		811B86001908A1D0005FE8EB /* Release */ = {
			isa = XCBuildConfiguration;
			buildSettings = {
				ASSETCATALOG_COMPILER_APPICON_NAME = AppIcon;
				ASSETCATALOG_COMPILER_LAUNCHIMAGE_NAME = LaunchImage;
				CLANG_CXX_LIBRARY = "libc++";
				CODE_SIGN_IDENTITY = "iPhone Developer";
				FRAMEWORK_SEARCH_PATHS = (
					"$(inherited)",
					"$(PROJECT_DIR)",
				);
				GCC_PRECOMPILE_PREFIX_HEADER = YES;
				GCC_PREFIX_HEADER = "TaxiLegal/TaxiLegal-Prefix.pch";
				INFOPLIST_FILE = "TaxiLegal/TaxiLegal-Info.plist";
				LIBRARY_SEARCH_PATHS = "$(inherited)";
				PRODUCT_NAME = "$(TARGET_NAME)";
				WRAPPER_EXTENSION = app;
			};
			name = Release;
		};
		811B86021908A1D0005FE8EB /* Debug */ = {
			isa = XCBuildConfiguration;
			buildSettings = {
				BUNDLE_LOADER = "$(BUILT_PRODUCTS_DIR)/TaxiLegal.app/TaxiLegal";
				FRAMEWORK_SEARCH_PATHS = (
					"$(SDKROOT)/Developer/Library/Frameworks",
					"$(inherited)",
					"$(DEVELOPER_FRAMEWORKS_DIR)",
				);
				GCC_PRECOMPILE_PREFIX_HEADER = YES;
				GCC_PREFIX_HEADER = "TaxiLegal/TaxiLegal-Prefix.pch";
				GCC_PREPROCESSOR_DEFINITIONS = (
					"DEBUG=1",
					"$(inherited)",
				);
				INFOPLIST_FILE = "TaxiLegalTests/TaxiLegalTests-Info.plist";
				PRODUCT_NAME = "$(TARGET_NAME)";
				TEST_HOST = "$(BUNDLE_LOADER)";
				WRAPPER_EXTENSION = xctest;
			};
			name = Debug;
		};
		811B86031908A1D0005FE8EB /* Release */ = {
			isa = XCBuildConfiguration;
			buildSettings = {
				BUNDLE_LOADER = "$(BUILT_PRODUCTS_DIR)/TaxiLegal.app/TaxiLegal";
				FRAMEWORK_SEARCH_PATHS = (
					"$(SDKROOT)/Developer/Library/Frameworks",
					"$(inherited)",
					"$(DEVELOPER_FRAMEWORKS_DIR)",
				);
				GCC_PRECOMPILE_PREFIX_HEADER = YES;
				GCC_PREFIX_HEADER = "TaxiLegal/TaxiLegal-Prefix.pch";
				INFOPLIST_FILE = "TaxiLegalTests/TaxiLegalTests-Info.plist";
				PRODUCT_NAME = "$(TARGET_NAME)";
				TEST_HOST = "$(BUNDLE_LOADER)";
				WRAPPER_EXTENSION = xctest;
			};
			name = Release;
		};
/* End XCBuildConfiguration section */

/* Begin XCConfigurationList section */
		811B85C71908A1D0005FE8EB /* Build configuration list for PBXProject "TaxiLegal" */ = {
			isa = XCConfigurationList;
			buildConfigurations = (
				811B85FC1908A1D0005FE8EB /* Debug */,
				811B85FD1908A1D0005FE8EB /* Release */,
			);
			defaultConfigurationIsVisible = 0;
			defaultConfigurationName = Release;
		};
		811B85FE1908A1D0005FE8EB /* Build configuration list for PBXNativeTarget "TaxiLegal" */ = {
			isa = XCConfigurationList;
			buildConfigurations = (
				811B85FF1908A1D0005FE8EB /* Debug */,
				811B86001908A1D0005FE8EB /* Release */,
			);
			defaultConfigurationIsVisible = 0;
			defaultConfigurationName = Release;
		};
		811B86011908A1D0005FE8EB /* Build configuration list for PBXNativeTarget "TaxiLegalTests" */ = {
			isa = XCConfigurationList;
			buildConfigurations = (
				811B86021908A1D0005FE8EB /* Debug */,
				811B86031908A1D0005FE8EB /* Release */,
			);
			defaultConfigurationIsVisible = 0;
			defaultConfigurationName = Release;
		};
/* End XCConfigurationList section */

/* Begin XCVersionGroup section */
		811B85E31908A1D0005FE8EB /* TaxiLegal.xcdatamodeld */ = {
			isa = XCVersionGroup;
			children = (
				811B85E41908A1D0005FE8EB /* TaxiLegal.xcdatamodel */,
			);
			currentVersion = 811B85E41908A1D0005FE8EB /* TaxiLegal.xcdatamodel */;
			path = TaxiLegal.xcdatamodeld;
			sourceTree = "<group>";
			versionGroupType = wrapper.xcdatamodel;
		};
/* End XCVersionGroup section */
	};
	rootObject = 811B85C41908A1D0005FE8EB /* Project object */;
}
